
Microsoft Visual Studio Solution File, Format Version 12.00
# Visual Studio 15
VisualStudioVersion = 15.0.28307.779
MinimumVisualStudioVersion = 10.0.40219.1
Project("{FAE04EC0-301F-11D3-BF4B-00C04F79EFBC}") = "Senai.Gufos.WebApi", "Senai.Gufos.WebApi\Senai.Gufos.WebApi.csproj", "{EB849CD2-8F53-4049-8AC2-BE2D1608946D}"
EndProject
Global
	GlobalSection(SolutionConfigurationPlatforms) = preSolution
		Debug|Any CPU = Debug|Any CPU
		Release|Any CPU = Release|Any CPU
	EndGlobalSection
	GlobalSection(ProjectConfigurationPlatforms) = postSolution
		{EB849CD2-8F53-4049-8AC2-BE2D1608946D}.Debug|Any CPU.ActiveCfg = Debug|Any CPU
		{EB849CD2-8F53-4049-8AC2-BE2D1608946D}.Debug|Any CPU.Build.0 = Debug|Any CPU
		{EB849CD2-8F53-4049-8AC2-BE2D1608946D}.Release|Any CPU.ActiveCfg = Release|Any CPU
		{EB849CD2-8F53-4049-8AC2-BE2D1608946D}.Release|Any CPU.Build.0 = Release|Any CPU
	EndGlobalSection
	GlobalSection(SolutionProperties) = preSolution
		HideSolutionNode = FALSE
	EndGlobalSection
	GlobalSection(ExtensibilityGlobals) = postSolution
		SolutionGuid = {BE45A2FC-5580-4E2D-B19D-CE9721A22645}
	EndGlobalSection
EndGlobal
